<?xml version="1.0" encoding="utf-8"?>
<Project ToolsVersion="4.0" xmlns="http://schemas.microsoft.com/developer/msbuild/2003">
  <ItemGroup>
    <Filter Include="Fichiers sources">
      <UniqueIdentifier>{4FC737F1-C7A5-4376-A066-2A32D752A2FF}</UniqueIdentifier>
      <Extensions>cpp;c;cc;cxx;def;odl;idl;hpj;bat;asm;asmx</Extensions>
    </Filter>
    <Filter Include="Fichiers d%27en-tête">
      <UniqueIdentifier>{93995380-89BD-4b04-88EB-625FBE52EBFB}</UniqueIdentifier>
      <Extensions>h;hh;hpp;hxx;hm;inl;inc;xsd</Extensions>
    </Filter>
    <Filter Include="Fichiers de ressources">
      <UniqueIdentifier>{67DA6AB6-F800-4c08-8B7A-83BB121AAD01}</UniqueIdentifier>
      <Extensions>rc;ico;cur;bmp;dlg;rc2;rct;bin;rgs;gif;jpg;jpeg;jpe;resx;tiff;tif;png;wav;mfcribbon-ms</Extensions>
    </Filter>
    <Filter Include="Fichiers d%27en-tête\RecuitSimule">
      <UniqueIdentifier>{48d5a029-d889-4955-b877-a15d7162c69e}</UniqueIdentifier>
    </Filter>
    <Filter Include="Fichiers sources\RecuitSimule">
      <UniqueIdentifier>{0e3daace-86aa-4d9f-9683-109417c097e1}</UniqueIdentifier>
    </Filter>
    <Filter Include="Fichiers d%27en-tête\PElement">
      <UniqueIdentifier>{d39694e2-a14e-4949-8d0a-7a5af581e57e}</UniqueIdentifier>
    </Filter>
    <Filter Include="Fichiers d%27en-tête\GElement">
      <UniqueIdentifier>{b1091454-8900-4ffd-b788-012f92603e07}</UniqueIdentifier>
    </Filter>
    <Filter Include="Fichiers sources\GElement">
      <UniqueIdentifier>{aed04b25-0f3b-49cd-b89e-1b244d3057a4}</UniqueIdentifier>
    </Filter>
  </ItemGroup>
  <ItemGroup>
    <ClCompile Include="Vecteur2D.cpp">
      <Filter>Fichiers sources\RecuitSimule</Filter>
    </ClCompile>
    <ClCompile Include="GElement.cpp">
      <Filter>Fichiers sources\GElement</Filter>
    </ClCompile>
  </ItemGroup>
  <ItemGroup>
    <ClInclude Include="Vecteur2D.h">
      <Filter>Fichiers d%27en-tête\RecuitSimule</Filter>
    </ClInclude>
    <ClInclude Include="AlgebreLineaire.h">
      <Filter>Fichiers d%27en-tête\RecuitSimule</Filter>
    </ClInclude>
    <ClInclude Include="RecuitSimule.h">
      <Filter>Fichiers d%27en-tête\RecuitSimule</Filter>
    </ClInclude>
    <ClInclude Include="PElement.h">
      <Filter>Fichiers d%27en-tête\PElement</Filter>
    </ClInclude>
    <ClInclude Include="GElement.h">
      <Filter>Fichiers d%27en-tête\GElement</Filter>
    </ClInclude>
    <ClInclude Include="Arete.h">
      <Filter>Fichiers d%27en-tête\GElement</Filter>
    </ClInclude>
    <ClInclude Include="Sommet.h">
      <Filter>Fichiers d%27en-tête\GElement</Filter>
    </ClInclude>
  </ItemGroup>
</Project>